
Microsoft Visual Studio Solution File, Format Version 12.00
# Visual Studio Version 17
VisualStudioVersion = 17.4.33103.184
MinimumVisualStudioVersion = 10.0.40219.1
Project("{9A19103F-16F7-4668-BE54-9A1E7A4F7556}") = "lr5", "lr5\lr5.csproj", "{14D7292E-1DBD-41A0-B1D3-A6751E206AE4}"
EndProject
Project("{2150E333-8FDC-42A3-9474-1A3956D46DE8}") = "Элементы решения", "Элементы решения", "{C10BE426-CD8F-4413-BDDA-9AE23D1892A4}"
	ProjectSection(SolutionItems) = preProject
		lr5\bin\Debug\net6.0\test.txt = lr5\bin\Debug\net6.0\test.txt
	EndProjectSection
EndProject
Global
	GlobalSection(SolutionConfigurationPlatforms) = preSolution
		Debug|Any CPU = Debug|Any CPU
		Release|Any CPU = Release|Any CPU
	EndGlobalSection
	GlobalSection(ProjectConfigurationPlatforms) = postSolution
		{14D7292E-1DBD-41A0-B1D3-A6751E206AE4}.Debug|Any CPU.ActiveCfg = Debug|Any CPU
		{14D7292E-1DBD-41A0-B1D3-A6751E206AE4}.Debug|Any CPU.Build.0 = Debug|Any CPU
		{14D7292E-1DBD-41A0-B1D3-A6751E206AE4}.Release|Any CPU.ActiveCfg = Release|Any CPU
		{14D7292E-1DBD-41A0-B1D3-A6751E206AE4}.Release|Any CPU.Build.0 = Release|Any CPU
	EndGlobalSection
	GlobalSection(SolutionProperties) = preSolution
		HideSolutionNode = FALSE
	EndGlobalSection
	GlobalSection(ExtensibilityGlobals) = postSolution
		SolutionGuid = {FD77022D-9D8F-4DAB-B880-F7E03468219E}
	EndGlobalSection
EndGlobal
