
Microsoft Visual Studio Solution File, Format Version 12.00
# Visual Studio Version 17
VisualStudioVersion = 17.4.33103.184
MinimumVisualStudioVersion = 10.0.40219.1
Project("{FAE04EC0-301F-11D3-BF4B-00C04F79EFBC}") = "PaintLr3", "PaintLr3\PaintLr3.csproj", "{37CFCEA6-87D2-4A61-B98E-77415D879AA6}"
EndProject
Global
	GlobalSection(SolutionConfigurationPlatforms) = preSolution
		Debug|Any CPU = Debug|Any CPU
		Release|Any CPU = Release|Any CPU
	EndGlobalSection
	GlobalSection(ProjectConfigurationPlatforms) = postSolution
		{37CFCEA6-87D2-4A61-B98E-77415D879AA6}.Debug|Any CPU.ActiveCfg = Debug|Any CPU
		{37CFCEA6-87D2-4A61-B98E-77415D879AA6}.Debug|Any CPU.Build.0 = Debug|Any CPU
		{37CFCEA6-87D2-4A61-B98E-77415D879AA6}.Release|Any CPU.ActiveCfg = Release|Any CPU
		{37CFCEA6-87D2-4A61-B98E-77415D879AA6}.Release|Any CPU.Build.0 = Release|Any CPU
	EndGlobalSection
	GlobalSection(SolutionProperties) = preSolution
		HideSolutionNode = FALSE
	EndGlobalSection
	GlobalSection(ExtensibilityGlobals) = postSolution
		SolutionGuid = {27034DDE-BD6B-4E97-8559-1A6123322292}
	EndGlobalSection
EndGlobal
